// !$*UTF8*$!
{
	archiveVersion = 1;
	classes = {
	};
	objectVersion = 55;
	objects = {

/* Begin PBXBuildFile section */
		125C673B27DFC8B300C097D9 /* AppDelegate.swift in Sources */ = {isa = PBXBuildFile; fileRef = 125C673A27DFC8B300C097D9 /* AppDelegate.swift */; };
		125C673D27DFC8B300C097D9 /* SceneDelegate.swift in Sources */ = {isa = PBXBuildFile; fileRef = 125C673C27DFC8B300C097D9 /* SceneDelegate.swift */; };
		125C673F27DFC8B300C097D9 /* ViewController.swift in Sources */ = {isa = PBXBuildFile; fileRef = 125C673E27DFC8B300C097D9 /* ViewController.swift */; };
		125C674227DFC8B300C097D9 /* Main.storyboard in Resources */ = {isa = PBXBuildFile; fileRef = 125C674027DFC8B300C097D9 /* Main.storyboard */; };
		125C674527DFC8B300C097D9 /* MakeAList.xcdatamodeld in Sources */ = {isa = PBXBuildFile; fileRef = 125C674327DFC8B300C097D9 /* MakeAList.xcdatamodeld */; };
		125C674727DFC8B600C097D9 /* Assets.xcassets in Resources */ = {isa = PBXBuildFile; fileRef = 125C674627DFC8B600C097D9 /* Assets.xcassets */; };
		125C674A27DFC8B600C097D9 /* LaunchScreen.storyboard in Resources */ = {isa = PBXBuildFile; fileRef = 125C674827DFC8B600C097D9 /* LaunchScreen.storyboard */; };
		1268721D27E8558A009C7C1B /* Link+CoreDataClass.swift in Sources */ = {isa = PBXBuildFile; fileRef = 1268721727E8558A009C7C1B /* Link+CoreDataClass.swift */; };
		1268721E27E8558A009C7C1B /* Link+CoreDataProperties.swift in Sources */ = {isa = PBXBuildFile; fileRef = 1268721827E8558A009C7C1B /* Link+CoreDataProperties.swift */; };
		1268722427E8F07F009C7C1B /* MainEntryViewController.swift in Sources */ = {isa = PBXBuildFile; fileRef = 1268722327E8F07F009C7C1B /* MainEntryViewController.swift */; };
		165DE49727EBF6C8005466F6 /* MainList+CoreDataClass.swift in Sources */ = {isa = PBXBuildFile; fileRef = 165DE49527EBF6C8005466F6 /* MainList+CoreDataClass.swift */; };
		165DE49827EBF6C8005466F6 /* MainList+CoreDataProperties.swift in Sources */ = {isa = PBXBuildFile; fileRef = 165DE49627EBF6C8005466F6 /* MainList+CoreDataProperties.swift */; };
		165DE49B27EBF725005466F6 /* IdMainList+CoreDataClass.swift in Sources */ = {isa = PBXBuildFile; fileRef = 165DE49927EBF725005466F6 /* IdMainList+CoreDataClass.swift */; };
		165DE49C27EBF725005466F6 /* IdMainList+CoreDataProperties.swift in Sources */ = {isa = PBXBuildFile; fileRef = 165DE49A27EBF725005466F6 /* IdMainList+CoreDataProperties.swift */; };
		165DE4A227EC9ABD005466F6 /* ProdutosViewController.swift in Sources */ = {isa = PBXBuildFile; fileRef = 165DE4A127EC9ABD005466F6 /* ProdutosViewController.swift */; };
		165DE4A427ECA629005466F6 /* EntryProductViewController.swift in Sources */ = {isa = PBXBuildFile; fileRef = 165DE4A327ECA629005466F6 /* EntryProductViewController.swift */; };
		165DE4AE27ECCC4E005466F6 /* ProductList+CoreDataProperties.swift in Sources */ = {isa = PBXBuildFile; fileRef = 165DE4AD27ECCC4E005466F6 /* ProductList+CoreDataProperties.swift */; };
		165DE4B027ECCCEC005466F6 /* ProductList+CoreDataClass.swift in Sources */ = {isa = PBXBuildFile; fileRef = 165DE4AF27ECCCEC005466F6 /* ProductList+CoreDataClass.swift */; };
/* End PBXBuildFile section */

/* Begin PBXFileReference section */
		125C673727DFC8B300C097D9 /* MakeAList.app */ = {isa = PBXFileReference; explicitFileType = wrapper.application; includeInIndex = 0; path = MakeAList.app; sourceTree = BUILT_PRODUCTS_DIR; };
		125C673A27DFC8B300C097D9 /* AppDelegate.swift */ = {isa = PBXFileReference; lastKnownFileType = sourcecode.swift; path = AppDelegate.swift; sourceTree = "<group>"; };
		125C673C27DFC8B300C097D9 /* SceneDelegate.swift */ = {isa = PBXFileReference; lastKnownFileType = sourcecode.swift; path = SceneDelegate.swift; sourceTree = "<group>"; };
		125C673E27DFC8B300C097D9 /* ViewController.swift */ = {isa = PBXFileReference; lastKnownFileType = sourcecode.swift; path = ViewController.swift; sourceTree = "<group>"; };
		125C674127DFC8B300C097D9 /* Base */ = {isa = PBXFileReference; lastKnownFileType = file.storyboard; name = Base; path = Base.lproj/Main.storyboard; sourceTree = "<group>"; };
		125C674427DFC8B300C097D9 /* MakeAList.xcdatamodel */ = {isa = PBXFileReference; lastKnownFileType = wrapper.xcdatamodel; path = MakeAList.xcdatamodel; sourceTree = "<group>"; };
		125C674627DFC8B600C097D9 /* Assets.xcassets */ = {isa = PBXFileReference; lastKnownFileType = folder.assetcatalog; path = Assets.xcassets; sourceTree = "<group>"; };
		125C674927DFC8B600C097D9 /* Base */ = {isa = PBXFileReference; lastKnownFileType = file.storyboard; name = Base; path = Base.lproj/LaunchScreen.storyboard; sourceTree = "<group>"; };
		125C674B27DFC8B600C097D9 /* Info.plist */ = {isa = PBXFileReference; lastKnownFileType = text.plist.xml; path = Info.plist; sourceTree = "<group>"; };
		1268721727E8558A009C7C1B /* Link+CoreDataClass.swift */ = {isa = PBXFileReference; lastKnownFileType = sourcecode.swift; path = "Link+CoreDataClass.swift"; sourceTree = "<group>"; };
		1268721827E8558A009C7C1B /* Link+CoreDataProperties.swift */ = {isa = PBXFileReference; lastKnownFileType = sourcecode.swift; path = "Link+CoreDataProperties.swift"; sourceTree = "<group>"; };
		1268722327E8F07F009C7C1B /* MainEntryViewController.swift */ = {isa = PBXFileReference; lastKnownFileType = sourcecode.swift; path = MainEntryViewController.swift; sourceTree = "<group>"; };
		165DE49527EBF6C8005466F6 /* MainList+CoreDataClass.swift */ = {isa = PBXFileReference; lastKnownFileType = sourcecode.swift; name = "MainList+CoreDataClass.swift"; path = "../../../MainList+CoreDataClass.swift"; sourceTree = "<group>"; };
		165DE49627EBF6C8005466F6 /* MainList+CoreDataProperties.swift */ = {isa = PBXFileReference; lastKnownFileType = sourcecode.swift; name = "MainList+CoreDataProperties.swift"; path = "../../../MainList+CoreDataProperties.swift"; sourceTree = "<group>"; };
		165DE49927EBF725005466F6 /* IdMainList+CoreDataClass.swift */ = {isa = PBXFileReference; lastKnownFileType = sourcecode.swift; name = "IdMainList+CoreDataClass.swift"; path = "../../../IdMainList+CoreDataClass.swift"; sourceTree = "<group>"; };
		165DE49A27EBF725005466F6 /* IdMainList+CoreDataProperties.swift */ = {isa = PBXFileReference; lastKnownFileType = sourcecode.swift; name = "IdMainList+CoreDataProperties.swift"; path = "../../../IdMainList+CoreDataProperties.swift"; sourceTree = "<group>"; };
		165DE4A127EC9ABD005466F6 /* ProdutosViewController.swift */ = {isa = PBXFileReference; lastKnownFileType = sourcecode.swift; path = ProdutosViewController.swift; sourceTree = "<group>"; };
		165DE4A327ECA629005466F6 /* EntryProductViewController.swift */ = {isa = PBXFileReference; lastKnownFileType = sourcecode.swift; path = EntryProductViewController.swift; sourceTree = "<group>"; };
		165DE4AD27ECCC4E005466F6 /* ProductList+CoreDataProperties.swift */ = {isa = PBXFileReference; lastKnownFileType = sourcecode.swift; name = "ProductList+CoreDataProperties.swift"; path = "../../../ProductList+CoreDataProperties.swift"; sourceTree = "<group>"; };
		165DE4AF27ECCCEC005466F6 /* ProductList+CoreDataClass.swift */ = {isa = PBXFileReference; lastKnownFileType = sourcecode.swift; path = "ProductList+CoreDataClass.swift"; sourceTree = "<group>"; };
/* End PBXFileReference section */

/* Begin PBXFrameworksBuildPhase section */
		125C673427DFC8B300C097D9 /* Frameworks */ = {
			isa = PBXFrameworksBuildPhase;
			buildActionMask = 2147483647;
			files = (
			);
			runOnlyForDeploymentPostprocessing = 0;
		};
/* End PBXFrameworksBuildPhase section */

/* Begin PBXGroup section */
		125C672E27DFC8B300C097D9 = {
			isa = PBXGroup;
			children = (
				125C673927DFC8B300C097D9 /* MakeAList */,
				125C673827DFC8B300C097D9 /* Products */,
			);
			sourceTree = "<group>";
		};
		125C673827DFC8B300C097D9 /* Products */ = {
			isa = PBXGroup;
			children = (
				125C673727DFC8B300C097D9 /* MakeAList.app */,
			);
			name = Products;
			sourceTree = "<group>";
		};
		125C673927DFC8B300C097D9 /* MakeAList */ = {
			isa = PBXGroup;
			children = (
				165DE4A627ECA64B005466F6 /* Views */,
				165DE4A527ECA644005466F6 /* Controllers */,
				1268720727E853FD009C7C1B /* Models */,
				125C673A27DFC8B300C097D9 /* AppDelegate.swift */,
				125C673C27DFC8B300C097D9 /* SceneDelegate.swift */,
				125C674627DFC8B600C097D9 /* Assets.xcassets */,
				125C674B27DFC8B600C097D9 /* Info.plist */,
				125C674327DFC8B300C097D9 /* MakeAList.xcdatamodeld */,
			);
			path = MakeAList;
			sourceTree = "<group>";
		};
		1268720727E853FD009C7C1B /* Models */ = {
			isa = PBXGroup;
			children = (
				165DE49027EBC163005466F6 /* IdMainList */,
				1268720A27E85447009C7C1B /* ProductList */,
				1268720927E85431009C7C1B /* Link */,
				1268720827E85426009C7C1B /* MainList */,
			);
			path = Models;
			sourceTree = "<group>";
		};
		1268720827E85426009C7C1B /* MainList */ = {
			isa = PBXGroup;
			children = (
				165DE49527EBF6C8005466F6 /* MainList+CoreDataClass.swift */,
				165DE49627EBF6C8005466F6 /* MainList+CoreDataProperties.swift */,
			);
			path = MainList;
			sourceTree = "<group>";
		};
		1268720927E85431009C7C1B /* Link */ = {
			isa = PBXGroup;
			children = (
				1268721727E8558A009C7C1B /* Link+CoreDataClass.swift */,
				1268721827E8558A009C7C1B /* Link+CoreDataProperties.swift */,
			);
			path = Link;
			sourceTree = "<group>";
		};
		1268720A27E85447009C7C1B /* ProductList */ = {
			isa = PBXGroup;
			children = (
				165DE4AD27ECCC4E005466F6 /* ProductList+CoreDataProperties.swift */,
				165DE4AF27ECCCEC005466F6 /* ProductList+CoreDataClass.swift */,
			);
			path = ProductList;
			sourceTree = "<group>";
		};
		165DE49027EBC163005466F6 /* IdMainList */ = {
			isa = PBXGroup;
			children = (
				165DE49927EBF725005466F6 /* IdMainList+CoreDataClass.swift */,
				165DE49A27EBF725005466F6 /* IdMainList+CoreDataProperties.swift */,
			);
			path = IdMainList;
			sourceTree = "<group>";
		};
		165DE4A527ECA644005466F6 /* Controllers */ = {
			isa = PBXGroup;
			children = (
				165DE4A127EC9ABD005466F6 /* ProdutosViewController.swift */,
				165DE4A327ECA629005466F6 /* EntryProductViewController.swift */,
				125C673E27DFC8B300C097D9 /* ViewController.swift */,
				1268722327E8F07F009C7C1B /* MainEntryViewController.swift */,
			);
			path = Controllers;
			sourceTree = "<group>";
		};
		165DE4A627ECA64B005466F6 /* Views */ = {
			isa = PBXGroup;
			children = (
				125C674027DFC8B300C097D9 /* Main.storyboard */,
				125C674827DFC8B600C097D9 /* LaunchScreen.storyboard */,
			);
			path = Views;
			sourceTree = "<group>";
		};
/* End PBXGroup section */

/* Begin PBXNativeTarget section */
		125C673627DFC8B300C097D9 /* MakeAList */ = {
			isa = PBXNativeTarget;
			buildConfigurationList = 125C674E27DFC8B600C097D9 /* Build configuration list for PBXNativeTarget "MakeAList" */;
			buildPhases = (
				125C673327DFC8B300C097D9 /* Sources */,
				125C673427DFC8B300C097D9 /* Frameworks */,
				125C673527DFC8B300C097D9 /* Resources */,
			);
			buildRules = (
			);
			dependencies = (
			);
			name = MakeAList;
			productName = MakeAList;
			productReference = 125C673727DFC8B300C097D9 /* MakeAList.app */;
			productType = "com.apple.product-type.application";
		};
/* End PBXNativeTarget section */

/* Begin PBXProject section */
		125C672F27DFC8B300C097D9 /* Project object */ = {
			isa = PBXProject;
			attributes = {
				BuildIndependentTargetsInParallel = 1;
				LastSwiftUpdateCheck = 1320;
				LastUpgradeCheck = 1320;
				TargetAttributes = {
					125C673627DFC8B300C097D9 = {
						CreatedOnToolsVersion = 13.2.1;
					};
				};
			};
			buildConfigurationList = 125C673227DFC8B300C097D9 /* Build configuration list for PBXProject "MakeAList" */;
			compatibilityVersion = "Xcode 13.0";
			developmentRegion = en;
			hasScannedForEncodings = 0;
			knownRegions = (
				en,
				Base,
			);
			mainGroup = 125C672E27DFC8B300C097D9;
			productRefGroup = 125C673827DFC8B300C097D9 /* Products */;
			projectDirPath = "";
			projectRoot = "";
			targets = (
				125C673627DFC8B300C097D9 /* MakeAList */,
			);
		};
/* End PBXProject section */

/* Begin PBXResourcesBuildPhase section */
		125C673527DFC8B300C097D9 /* Resources */ = {
			isa = PBXResourcesBuildPhase;
			buildActionMask = 2147483647;
			files = (
				125C674A27DFC8B600C097D9 /* LaunchScreen.storyboard in Resources */,
				125C674727DFC8B600C097D9 /* Assets.xcassets in Resources */,
				125C674227DFC8B300C097D9 /* Main.storyboard in Resources */,
			);
			runOnlyForDeploymentPostprocessing = 0;
		};
/* End PBXResourcesBuildPhase section */

/* Begin PBXSourcesBuildPhase section */
		125C673327DFC8B300C097D9 /* Sources */ = {
			isa = PBXSourcesBuildPhase;
			buildActionMask = 2147483647;
			files = (
				165DE4A227EC9ABD005466F6 /* ProdutosViewController.swift in Sources */,
				165DE49727EBF6C8005466F6 /* MainList+CoreDataClass.swift in Sources */,
				1268722427E8F07F009C7C1B /* MainEntryViewController.swift in Sources */,
				165DE4AE27ECCC4E005466F6 /* ProductList+CoreDataProperties.swift in Sources */,
				165DE49B27EBF725005466F6 /* IdMainList+CoreDataClass.swift in Sources */,
				125C673F27DFC8B300C097D9 /* ViewController.swift in Sources */,
				165DE4A427ECA629005466F6 /* EntryProductViewController.swift in Sources */,
				1268721E27E8558A009C7C1B /* Link+CoreDataProperties.swift in Sources */,
				1268721D27E8558A009C7C1B /* Link+CoreDataClass.swift in Sources */,
				125C674527DFC8B300C097D9 /* MakeAList.xcdatamodeld in Sources */,
				165DE49827EBF6C8005466F6 /* MainList+CoreDataProperties.swift in Sources */,
				125C673B27DFC8B300C097D9 /* AppDelegate.swift in Sources */,
				125C673D27DFC8B300C097D9 /* SceneDelegate.swift in Sources */,
				165DE4B027ECCCEC005466F6 /* ProductList+CoreDataClass.swift in Sources */,
				165DE49C27EBF725005466F6 /* IdMainList+CoreDataProperties.swift in Sources */,
			);
			runOnlyForDeploymentPostprocessing = 0;
		};
/* End PBXSourcesBuildPhase section */

/* Begin PBXVariantGroup section */
		125C674027DFC8B300C097D9 /* Main.storyboard */ = {
			isa = PBXVariantGroup;
			children = (
				125C674127DFC8B300C097D9 /* Base */,
			);
			name = Main.storyboard;
			sourceTree = "<group>";
		};
		125C674827DFC8B600C097D9 /* LaunchScreen.storyboard */ = {
			isa = PBXVariantGroup;
			children = (
				125C674927DFC8B600C097D9 /* Base */,
			);
			name = LaunchScreen.storyboard;
			sourceTree = "<group>";
		};
/* End PBXVariantGroup section */

/* Begin XCBuildConfiguration section */
		125C674C27DFC8B600C097D9 /* Debug */ = {
			isa = XCBuildConfiguration;
			buildSettings = {
				ALWAYS_SEARCH_USER_PATHS = NO;
				CLANG_ANALYZER_NONNULL = YES;
				CLANG_ANALYZER_NUMBER_OBJECT_CONVERSION = YES_AGGRESSIVE;
				CLANG_CXX_LANGUAGE_STANDARD = "gnu++17";
				CLANG_CXX_LIBRARY = "libc++";
				CLANG_ENABLE_MODULES = YES;
				CLANG_ENABLE_OBJC_ARC = YES;
				CLANG_ENABLE_OBJC_WEAK = YES;
				CLANG_WARN_BLOCK_CAPTURE_AUTORELEASING = YES;
				CLANG_WARN_BOOL_CONVERSION = YES;
				CLANG_WARN_COMMA = YES;
				CLANG_WARN_CONSTANT_CONVERSION = YES;
				CLANG_WARN_DEPRECATED_OBJC_IMPLEMENTATIONS = YES;
				CLANG_WARN_DIRECT_OBJC_ISA_USAGE = YES_ERROR;
				CLANG_WARN_DOCUMENTATION_COMMENTS = YES;
				CLANG_WARN_EMPTY_BODY = YES;
				CLANG_WARN_ENUM_CONVERSION = YES;
				CLANG_WARN_INFINITE_RECURSION = YES;
				CLANG_WARN_INT_CONVERSION = YES;
				CLANG_WARN_NON_LITERAL_NULL_CONVERSION = YES;
				CLANG_WARN_OBJC_IMPLICIT_RETAIN_SELF = YES;
				CLANG_WARN_OBJC_LITERAL_CONVERSION = YES;
				CLANG_WARN_OBJC_ROOT_CLASS = YES_ERROR;
				CLANG_WARN_QUOTED_INCLUDE_IN_FRAMEWORK_HEADER = YES;
				CLANG_WARN_RANGE_LOOP_ANALYSIS = YES;
				CLANG_WARN_STRICT_PROTOTYPES = YES;
				CLANG_WARN_SUSPICIOUS_MOVE = YES;
				CLANG_WARN_UNGUARDED_AVAILABILITY = YES_AGGRESSIVE;
				CLANG_WARN_UNREACHABLE_CODE = YES;
				CLANG_WARN__DUPLICATE_METHOD_MATCH = YES;
				COPY_PHASE_STRIP = NO;
				DEBUG_INFORMATION_FORMAT = dwarf;
				ENABLE_STRICT_OBJC_MSGSEND = YES;
				ENABLE_TESTABILITY = YES;
				GCC_C_LANGUAGE_STANDARD = gnu11;
				GCC_DYNAMIC_NO_PIC = NO;
				GCC_NO_COMMON_BLOCKS = YES;
				GCC_OPTIMIZATION_LEVEL = 0;
				GCC_PREPROCESSOR_DEFINITIONS = (
					"DEBUG=1",
					"$(inherited)",
				);
				GCC_WARN_64_TO_32_BIT_CONVERSION = YES;
				GCC_WARN_ABOUT_RETURN_TYPE = YES_ERROR;
				GCC_WARN_UNDECLARED_SELECTOR = YES;
				GCC_WARN_UNINITIALIZED_AUTOS = YES_AGGRESSIVE;
				GCC_WARN_UNUSED_FUNCTION = YES;
				GCC_WARN_UNUSED_VARIABLE = YES;
				IPHONEOS_DEPLOYMENT_TARGET = 15.2;
				MTL_ENABLE_DEBUG_INFO = INCLUDE_SOURCE;
				MTL_FAST_MATH = YES;
				ONLY_ACTIVE_ARCH = YES;
				SDKROOT = iphoneos;
				SWIFT_ACTIVE_COMPILATION_CONDITIONS = DEBUG;
				SWIFT_OPTIMIZATION_LEVEL = "-Onone";
			};
			name = Debug;
		};
		125C674D27DFC8B600C097D9 /* Release */ = {
			isa = XCBuildConfiguration;
			buildSettings = {
				ALWAYS_SEARCH_USER_PATHS = NO;
				CLANG_ANALYZER_NONNULL = YES;
				CLANG_ANALYZER_NUMBER_OBJECT_CONVERSION = YES_AGGRESSIVE;
				CLANG_CXX_LANGUAGE_STANDARD = "gnu++17";
				CLANG_CXX_LIBRARY = "libc++";
				CLANG_ENABLE_MODULES = YES;
				CLANG_ENABLE_OBJC_ARC = YES;
				CLANG_ENABLE_OBJC_WEAK = YES;
				CLANG_WARN_BLOCK_CAPTURE_AUTORELEASING = YES;
				CLANG_WARN_BOOL_CONVERSION = YES;
				CLANG_WARN_COMMA = YES;
				CLANG_WARN_CONSTANT_CONVERSION = YES;
				CLANG_WARN_DEPRECATED_OBJC_IMPLEMENTATIONS = YES;
				CLANG_WARN_DIRECT_OBJC_ISA_USAGE = YES_ERROR;
				CLANG_WARN_DOCUMENTATION_COMMENTS = YES;
				CLANG_WARN_EMPTY_BODY = YES;
				CLANG_WARN_ENUM_CONVERSION = YES;
				CLANG_WARN_INFINITE_RECURSION = YES;
				CLANG_WARN_INT_CONVERSION = YES;
				CLANG_WARN_NON_LITERAL_NULL_CONVERSION = YES;
				CLANG_WARN_OBJC_IMPLICIT_RETAIN_SELF = YES;
				CLANG_WARN_OBJC_LITERAL_CONVERSION = YES;
				CLANG_WARN_OBJC_ROOT_CLASS = YES_ERROR;
				CLANG_WARN_QUOTED_INCLUDE_IN_FRAMEWORK_HEADER = YES;
				CLANG_WARN_RANGE_LOOP_ANALYSIS = YES;
				CLANG_WARN_STRICT_PROTOTYPES = YES;
				CLANG_WARN_SUSPICIOUS_MOVE = YES;
				CLANG_WARN_UNGUARDED_AVAILABILITY = YES_AGGRESSIVE;
				CLANG_WARN_UNREACHABLE_CODE = YES;
				CLANG_WARN__DUPLICATE_METHOD_MATCH = YES;
				COPY_PHASE_STRIP = NO;
				DEBUG_INFORMATION_FORMAT = "dwarf-with-dsym";
				ENABLE_NS_ASSERTIONS = NO;
				ENABLE_STRICT_OBJC_MSGSEND = YES;
				GCC_C_LANGUAGE_STANDARD = gnu11;
				GCC_NO_COMMON_BLOCKS = YES;
				GCC_WARN_64_TO_32_BIT_CONVERSION = YES;
				GCC_WARN_ABOUT_RETURN_TYPE = YES_ERROR;
				GCC_WARN_UNDECLARED_SELECTOR = YES;
				GCC_WARN_UNINITIALIZED_AUTOS = YES_AGGRESSIVE;
				GCC_WARN_UNUSED_FUNCTION = YES;
				GCC_WARN_UNUSED_VARIABLE = YES;
				IPHONEOS_DEPLOYMENT_TARGET = 15.2;
				MTL_ENABLE_DEBUG_INFO = NO;
				MTL_FAST_MATH = YES;
				SDKROOT = iphoneos;
				SWIFT_COMPILATION_MODE = wholemodule;
				SWIFT_OPTIMIZATION_LEVEL = "-O";
				VALIDATE_PRODUCT = YES;
			};
			name = Release;
		};
		125C674F27DFC8B600C097D9 /* Debug */ = {
			isa = XCBuildConfiguration;
			buildSettings = {
				ASSETCATALOG_COMPILER_APPICON_NAME = AppIcon;
				ASSETCATALOG_COMPILER_GLOBAL_ACCENT_COLOR_NAME = AccentColor;
				CODE_SIGN_STYLE = Automatic;
				CURRENT_PROJECT_VERSION = 1;
				GENERATE_INFOPLIST_FILE = YES;
				INFOPLIST_FILE = MakeAList/Info.plist;
				INFOPLIST_KEY_UIApplicationSupportsIndirectInputEvents = YES;
				INFOPLIST_KEY_UILaunchStoryboardName = LaunchScreen;
				INFOPLIST_KEY_UIMainStoryboardFile = Main;
				INFOPLIST_KEY_UISupportedInterfaceOrientations_iPad = "UIInterfaceOrientationPortrait UIInterfaceOrientationPortraitUpsideDown UIInterfaceOrientationLandscapeLeft UIInterfaceOrientationLandscapeRight";
				INFOPLIST_KEY_UISupportedInterfaceOrientations_iPhone = "UIInterfaceOrientationPortrait UIInterfaceOrientationLandscapeLeft UIInterfaceOrientationLandscapeRight";
				LD_RUNPATH_SEARCH_PATHS = (
					"$(inherited)",
					"@executable_path/Frameworks",
				);
				MARKETING_VERSION = 1.0;
				PRODUCT_BUNDLE_IDENTIFIER = com.omanhattan.MakeAList;
				PRODUCT_NAME = "$(TARGET_NAME)";
				SWIFT_EMIT_LOC_STRINGS = YES;
				SWIFT_VERSION = 5.0;
				TARGETED_DEVICE_FAMILY = "1,2";
			};
			name = Debug;
		};
		125C675027DFC8B600C097D9 /* Release */ = {
			isa = XCBuildConfiguration;
			buildSettings = {
				ASSETCATALOG_COMPILER_APPICON_NAME = AppIcon;
				ASSETCATALOG_COMPILER_GLOBAL_ACCENT_COLOR_NAME = AccentColor;
				CODE_SIGN_STYLE = Automatic;
				CURRENT_PROJECT_VERSION = 1;
				GENERATE_INFOPLIST_FILE = YES;
				INFOPLIST_FILE = MakeAList/Info.plist;
				INFOPLIST_KEY_UIApplicationSupportsIndirectInputEvents = YES;
				INFOPLIST_KEY_UILaunchStoryboardName = LaunchScreen;
				INFOPLIST_KEY_UIMainStoryboardFile = Main;
				INFOPLIST_KEY_UISupportedInterfaceOrientations_iPad = "UIInterfaceOrientationPortrait UIInterfaceOrientationPortraitUpsideDown UIInterfaceOrientationLandscapeLeft UIInterfaceOrientationLandscapeRight";
				INFOPLIST_KEY_UISupportedInterfaceOrientations_iPhone = "UIInterfaceOrientationPortrait UIInterfaceOrientationLandscapeLeft UIInterfaceOrientationLandscapeRight";
				LD_RUNPATH_SEARCH_PATHS = (
					"$(inherited)",
					"@executable_path/Frameworks",
				);
				MARKETING_VERSION = 1.0;
				PRODUCT_BUNDLE_IDENTIFIER = com.omanhattan.MakeAList;
				PRODUCT_NAME = "$(TARGET_NAME)";
				SWIFT_EMIT_LOC_STRINGS = YES;
				SWIFT_VERSION = 5.0;
				TARGETED_DEVICE_FAMILY = "1,2";
			};
			name = Release;
		};
/* End XCBuildConfiguration section */

/* Begin XCConfigurationList section */
		125C673227DFC8B300C097D9 /* Build configuration list for PBXProject "MakeAList" */ = {
			isa = XCConfigurationList;
			buildConfigurations = (
				125C674C27DFC8B600C097D9 /* Debug */,
				125C674D27DFC8B600C097D9 /* Release */,
			);
			defaultConfigurationIsVisible = 0;
			defaultConfigurationName = Release;
		};
		125C674E27DFC8B600C097D9 /* Build configuration list for PBXNativeTarget "MakeAList" */ = {
			isa = XCConfigurationList;
			buildConfigurations = (
				125C674F27DFC8B600C097D9 /* Debug */,
				125C675027DFC8B600C097D9 /* Release */,
			);
			defaultConfigurationIsVisible = 0;
			defaultConfigurationName = Release;
		};
/* End XCConfigurationList section */

/* Begin XCVersionGroup section */
		125C674327DFC8B300C097D9 /* MakeAList.xcdatamodeld */ = {
			isa = XCVersionGroup;
			children = (
				125C674427DFC8B300C097D9 /* MakeAList.xcdatamodel */,
			);
			currentVersion = 125C674427DFC8B300C097D9 /* MakeAList.xcdatamodel */;
			path = MakeAList.xcdatamodeld;
			sourceTree = "<group>";
			versionGroupType = wrapper.xcdatamodel;
		};
/* End XCVersionGroup section */
	};
	rootObject = 125C672F27DFC8B300C097D9 /* Project object */;
}
