// !$*UTF8*$!
{
	archiveVersion = 1;
	classes = {
	};
	objectVersion = 55;
	objects = {

/* Begin PBXBuildFile section */
		1267697727EBF58400276B71 /* AppDelegate.swift in Sources */ = {isa = PBXBuildFile; fileRef = 1267697627EBF58400276B71 /* AppDelegate.swift */; };
		1267697927EBF58400276B71 /* SceneDelegate.swift in Sources */ = {isa = PBXBuildFile; fileRef = 1267697827EBF58400276B71 /* SceneDelegate.swift */; };
		1267697E27EBF58400276B71 /* Main.storyboard in Resources */ = {isa = PBXBuildFile; fileRef = 1267697C27EBF58400276B71 /* Main.storyboard */; };
		1267698127EBF58400276B71 /* MeAjudaDeus.xcdatamodeld in Sources */ = {isa = PBXBuildFile; fileRef = 1267697F27EBF58400276B71 /* MeAjudaDeus.xcdatamodeld */; };
		1267698327EBF58600276B71 /* Assets.xcassets in Resources */ = {isa = PBXBuildFile; fileRef = 1267698227EBF58600276B71 /* Assets.xcassets */; };
		1267698627EBF58600276B71 /* LaunchScreen.storyboard in Resources */ = {isa = PBXBuildFile; fileRef = 1267698427EBF58600276B71 /* LaunchScreen.storyboard */; };
		12E14AF327ED12080030F6B2 /* CDMainList+CoreDataClass.swift in Sources */ = {isa = PBXBuildFile; fileRef = 12E14AF227ED12080030F6B2 /* CDMainList+CoreDataClass.swift */; };
		12E14AF527ED125B0030F6B2 /* CDProduct+CoreDataClass.swift in Sources */ = {isa = PBXBuildFile; fileRef = 12E14AF427ED125B0030F6B2 /* CDProduct+CoreDataClass.swift */; };
		12E14AFD27ED13B50030F6B2 /* CDMainList+CoreDataProperties.swift in Sources */ = {isa = PBXBuildFile; fileRef = 12E14AFB27ED13B50030F6B2 /* CDMainList+CoreDataProperties.swift */; };
		12E14B0127ED1EBC0030F6B2 /* MainListViewController.swift in Sources */ = {isa = PBXBuildFile; fileRef = 12E14B0027ED1EBC0030F6B2 /* MainListViewController.swift */; };
		12E14B0327ED28E30030F6B2 /* AddListViewController.swift in Sources */ = {isa = PBXBuildFile; fileRef = 12E14B0227ED28E30030F6B2 /* AddListViewController.swift */; };
		12E14B0527ED2EC70030F6B2 /* ProductListViewController.swift in Sources */ = {isa = PBXBuildFile; fileRef = 12E14B0427ED2EC70030F6B2 /* ProductListViewController.swift */; };
		12E14B0927ED3A8A0030F6B2 /* AddProductViewController.swift in Sources */ = {isa = PBXBuildFile; fileRef = 12E14B0827ED3A8A0030F6B2 /* AddProductViewController.swift */; };
		12E8F84C27ED754D0040B268 /* LinkListViewController.swift in Sources */ = {isa = PBXBuildFile; fileRef = 12E8F84B27ED754D0040B268 /* LinkListViewController.swift */; };
		12E8F84E27ED75700040B268 /* AddLinkViewController.swift in Sources */ = {isa = PBXBuildFile; fileRef = 12E8F84D27ED75700040B268 /* AddLinkViewController.swift */; };
		12E8F85827EDFB870040B268 /* CDProduct+CoreDataProperties.swift in Sources */ = {isa = PBXBuildFile; fileRef = 12E8F85527EDFB870040B268 /* CDProduct+CoreDataProperties.swift */; };
		12E8F85927EDFB870040B268 /* CDLink+CoreDataClass.swift in Sources */ = {isa = PBXBuildFile; fileRef = 12E8F85627EDFB870040B268 /* CDLink+CoreDataClass.swift */; };
		12E8F85A27EDFB870040B268 /* CDLink+CoreDataProperties.swift in Sources */ = {isa = PBXBuildFile; fileRef = 12E8F85727EDFB870040B268 /* CDLink+CoreDataProperties.swift */; };
/* End PBXBuildFile section */

/* Begin PBXFileReference section */
		1267697327EBF58400276B71 /* MeAjudaDeus.app */ = {isa = PBXFileReference; explicitFileType = wrapper.application; includeInIndex = 0; path = MeAjudaDeus.app; sourceTree = BUILT_PRODUCTS_DIR; };
		1267697627EBF58400276B71 /* AppDelegate.swift */ = {isa = PBXFileReference; lastKnownFileType = sourcecode.swift; path = AppDelegate.swift; sourceTree = "<group>"; };
		1267697827EBF58400276B71 /* SceneDelegate.swift */ = {isa = PBXFileReference; lastKnownFileType = sourcecode.swift; path = SceneDelegate.swift; sourceTree = "<group>"; };
		1267697D27EBF58400276B71 /* Base */ = {isa = PBXFileReference; lastKnownFileType = file.storyboard; name = Base; path = Base.lproj/Main.storyboard; sourceTree = "<group>"; };
		1267698027EBF58400276B71 /* MeAjudaDeus.xcdatamodel */ = {isa = PBXFileReference; lastKnownFileType = wrapper.xcdatamodel; path = MeAjudaDeus.xcdatamodel; sourceTree = "<group>"; };
		1267698227EBF58600276B71 /* Assets.xcassets */ = {isa = PBXFileReference; lastKnownFileType = folder.assetcatalog; path = Assets.xcassets; sourceTree = "<group>"; };
		1267698527EBF58600276B71 /* Base */ = {isa = PBXFileReference; lastKnownFileType = file.storyboard; name = Base; path = Base.lproj/LaunchScreen.storyboard; sourceTree = "<group>"; };
		1267698727EBF58600276B71 /* Info.plist */ = {isa = PBXFileReference; lastKnownFileType = text.plist.xml; path = Info.plist; sourceTree = "<group>"; };
		12E14AF227ED12080030F6B2 /* CDMainList+CoreDataClass.swift */ = {isa = PBXFileReference; lastKnownFileType = sourcecode.swift; path = "CDMainList+CoreDataClass.swift"; sourceTree = "<group>"; };
		12E14AF427ED125B0030F6B2 /* CDProduct+CoreDataClass.swift */ = {isa = PBXFileReference; lastKnownFileType = sourcecode.swift; path = "CDProduct+CoreDataClass.swift"; sourceTree = "<group>"; };
		12E14AFB27ED13B50030F6B2 /* CDMainList+CoreDataProperties.swift */ = {isa = PBXFileReference; lastKnownFileType = sourcecode.swift; path = "CDMainList+CoreDataProperties.swift"; sourceTree = "<group>"; };
		12E14B0027ED1EBC0030F6B2 /* MainListViewController.swift */ = {isa = PBXFileReference; lastKnownFileType = sourcecode.swift; path = MainListViewController.swift; sourceTree = "<group>"; };
		12E14B0227ED28E30030F6B2 /* AddListViewController.swift */ = {isa = PBXFileReference; lastKnownFileType = sourcecode.swift; path = AddListViewController.swift; sourceTree = "<group>"; };
		12E14B0427ED2EC70030F6B2 /* ProductListViewController.swift */ = {isa = PBXFileReference; lastKnownFileType = sourcecode.swift; path = ProductListViewController.swift; sourceTree = "<group>"; };
		12E14B0827ED3A8A0030F6B2 /* AddProductViewController.swift */ = {isa = PBXFileReference; lastKnownFileType = sourcecode.swift; path = AddProductViewController.swift; sourceTree = "<group>"; };
		12E8F84B27ED754D0040B268 /* LinkListViewController.swift */ = {isa = PBXFileReference; lastKnownFileType = sourcecode.swift; path = LinkListViewController.swift; sourceTree = "<group>"; };
		12E8F84D27ED75700040B268 /* AddLinkViewController.swift */ = {isa = PBXFileReference; lastKnownFileType = sourcecode.swift; path = AddLinkViewController.swift; sourceTree = "<group>"; };
		12E8F85527EDFB870040B268 /* CDProduct+CoreDataProperties.swift */ = {isa = PBXFileReference; lastKnownFileType = sourcecode.swift; path = "CDProduct+CoreDataProperties.swift"; sourceTree = "<group>"; };
		12E8F85627EDFB870040B268 /* CDLink+CoreDataClass.swift */ = {isa = PBXFileReference; lastKnownFileType = sourcecode.swift; path = "CDLink+CoreDataClass.swift"; sourceTree = "<group>"; };
		12E8F85727EDFB870040B268 /* CDLink+CoreDataProperties.swift */ = {isa = PBXFileReference; lastKnownFileType = sourcecode.swift; path = "CDLink+CoreDataProperties.swift"; sourceTree = "<group>"; };
/* End PBXFileReference section */

/* Begin PBXFrameworksBuildPhase section */
		1267697027EBF58400276B71 /* Frameworks */ = {
			isa = PBXFrameworksBuildPhase;
			buildActionMask = 2147483647;
			files = (
			);
			runOnlyForDeploymentPostprocessing = 0;
		};
/* End PBXFrameworksBuildPhase section */

/* Begin PBXGroup section */
		1267696A27EBF58400276B71 = {
			isa = PBXGroup;
			children = (
				1267697527EBF58400276B71 /* MeAjudaDeus */,
				1267697427EBF58400276B71 /* Products */,
			);
			sourceTree = "<group>";
		};
		1267697427EBF58400276B71 /* Products */ = {
			isa = PBXGroup;
			children = (
				1267697327EBF58400276B71 /* MeAjudaDeus.app */,
			);
			name = Products;
			sourceTree = "<group>";
		};
		1267697527EBF58400276B71 /* MeAjudaDeus */ = {
			isa = PBXGroup;
			children = (
				12E8F85227ED75B50040B268 /* View */,
				126769A327ECA1D900276B71 /* Model */,
				1267697627EBF58400276B71 /* AppDelegate.swift */,
				1267697827EBF58400276B71 /* SceneDelegate.swift */,
				1267697C27EBF58400276B71 /* Main.storyboard */,
				1267698427EBF58600276B71 /* LaunchScreen.storyboard */,
				1267698227EBF58600276B71 /* Assets.xcassets */,
				1267698727EBF58600276B71 /* Info.plist */,
				1267697F27EBF58400276B71 /* MeAjudaDeus.xcdatamodeld */,
			);
			path = MeAjudaDeus;
			sourceTree = "<group>";
		};
		126769A327ECA1D900276B71 /* Model */ = {
			isa = PBXGroup;
			children = (
				12E8F85B27EDFBB00040B268 /* CDLink */,
				12E8F85327ED75C70040B268 /* CDProduct */,
				12E8F85427ED75D40040B268 /* CDMainList */,
			);
			path = Model;
			sourceTree = "<group>";
		};
		12E8F84F27ED75830040B268 /* MainListView */ = {
			isa = PBXGroup;
			children = (
				12E14B0027ED1EBC0030F6B2 /* MainListViewController.swift */,
				12E14B0227ED28E30030F6B2 /* AddListViewController.swift */,
			);
			path = MainListView;
			sourceTree = "<group>";
		};
		12E8F85027ED75970040B268 /* ProductListView */ = {
			isa = PBXGroup;
			children = (
				12E14B0427ED2EC70030F6B2 /* ProductListViewController.swift */,
				12E14B0827ED3A8A0030F6B2 /* AddProductViewController.swift */,
			);
			path = ProductListView;
			sourceTree = "<group>";
		};
		12E8F85127ED75A20040B268 /* LinkListView */ = {
			isa = PBXGroup;
			children = (
				12E8F84B27ED754D0040B268 /* LinkListViewController.swift */,
				12E8F84D27ED75700040B268 /* AddLinkViewController.swift */,
			);
			path = LinkListView;
			sourceTree = "<group>";
		};
		12E8F85227ED75B50040B268 /* View */ = {
			isa = PBXGroup;
			children = (
				12E8F84F27ED75830040B268 /* MainListView */,
				12E8F85027ED75970040B268 /* ProductListView */,
				12E8F85127ED75A20040B268 /* LinkListView */,
			);
			path = View;
			sourceTree = "<group>";
		};
		12E8F85327ED75C70040B268 /* CDProduct */ = {
			isa = PBXGroup;
			children = (
				12E14AF427ED125B0030F6B2 /* CDProduct+CoreDataClass.swift */,
				12E8F85527EDFB870040B268 /* CDProduct+CoreDataProperties.swift */,
			);
			path = CDProduct;
			sourceTree = "<group>";
		};
		12E8F85427ED75D40040B268 /* CDMainList */ = {
			isa = PBXGroup;
			children = (
				12E14AFB27ED13B50030F6B2 /* CDMainList+CoreDataProperties.swift */,
				12E14AF227ED12080030F6B2 /* CDMainList+CoreDataClass.swift */,
			);
			path = CDMainList;
			sourceTree = "<group>";
		};
		12E8F85B27EDFBB00040B268 /* CDLink */ = {
			isa = PBXGroup;
			children = (
				12E8F85627EDFB870040B268 /* CDLink+CoreDataClass.swift */,
				12E8F85727EDFB870040B268 /* CDLink+CoreDataProperties.swift */,
			);
			path = CDLink;
			sourceTree = "<group>";
		};
/* End PBXGroup section */

/* Begin PBXNativeTarget section */
		1267697227EBF58400276B71 /* MeAjudaDeus */ = {
			isa = PBXNativeTarget;
			buildConfigurationList = 1267698A27EBF58600276B71 /* Build configuration list for PBXNativeTarget "MeAjudaDeus" */;
			buildPhases = (
				1267696F27EBF58400276B71 /* Sources */,
				1267697027EBF58400276B71 /* Frameworks */,
				1267697127EBF58400276B71 /* Resources */,
			);
			buildRules = (
			);
			dependencies = (
			);
			name = MeAjudaDeus;
			productName = MeAjudaDeus;
			productReference = 1267697327EBF58400276B71 /* MeAjudaDeus.app */;
			productType = "com.apple.product-type.application";
		};
/* End PBXNativeTarget section */

/* Begin PBXProject section */
		1267696B27EBF58400276B71 /* Project object */ = {
			isa = PBXProject;
			attributes = {
				BuildIndependentTargetsInParallel = 1;
				LastSwiftUpdateCheck = 1330;
				LastUpgradeCheck = 1330;
				TargetAttributes = {
					1267697227EBF58400276B71 = {
						CreatedOnToolsVersion = 13.3;
					};
				};
			};
			buildConfigurationList = 1267696E27EBF58400276B71 /* Build configuration list for PBXProject "MeAjudaDeus" */;
			compatibilityVersion = "Xcode 13.0";
			developmentRegion = en;
			hasScannedForEncodings = 0;
			knownRegions = (
				en,
				Base,
			);
			mainGroup = 1267696A27EBF58400276B71;
			productRefGroup = 1267697427EBF58400276B71 /* Products */;
			projectDirPath = "";
			projectRoot = "";
			targets = (
				1267697227EBF58400276B71 /* MeAjudaDeus */,
			);
		};
/* End PBXProject section */

/* Begin PBXResourcesBuildPhase section */
		1267697127EBF58400276B71 /* Resources */ = {
			isa = PBXResourcesBuildPhase;
			buildActionMask = 2147483647;
			files = (
				1267698627EBF58600276B71 /* LaunchScreen.storyboard in Resources */,
				1267698327EBF58600276B71 /* Assets.xcassets in Resources */,
				1267697E27EBF58400276B71 /* Main.storyboard in Resources */,
			);
			runOnlyForDeploymentPostprocessing = 0;
		};
/* End PBXResourcesBuildPhase section */

/* Begin PBXSourcesBuildPhase section */
		1267696F27EBF58400276B71 /* Sources */ = {
			isa = PBXSourcesBuildPhase;
			buildActionMask = 2147483647;
			files = (
				12E8F85927EDFB870040B268 /* CDLink+CoreDataClass.swift in Sources */,
				12E14B0127ED1EBC0030F6B2 /* MainListViewController.swift in Sources */,
				1267698127EBF58400276B71 /* MeAjudaDeus.xcdatamodeld in Sources */,
				12E14B0927ED3A8A0030F6B2 /* AddProductViewController.swift in Sources */,
				12E14AFD27ED13B50030F6B2 /* CDMainList+CoreDataProperties.swift in Sources */,
				1267697727EBF58400276B71 /* AppDelegate.swift in Sources */,
				12E14AF527ED125B0030F6B2 /* CDProduct+CoreDataClass.swift in Sources */,
				12E8F85827EDFB870040B268 /* CDProduct+CoreDataProperties.swift in Sources */,
				12E14AF327ED12080030F6B2 /* CDMainList+CoreDataClass.swift in Sources */,
				12E14B0327ED28E30030F6B2 /* AddListViewController.swift in Sources */,
				12E8F85A27EDFB870040B268 /* CDLink+CoreDataProperties.swift in Sources */,
				12E8F84E27ED75700040B268 /* AddLinkViewController.swift in Sources */,
				1267697927EBF58400276B71 /* SceneDelegate.swift in Sources */,
				12E8F84C27ED754D0040B268 /* LinkListViewController.swift in Sources */,
				12E14B0527ED2EC70030F6B2 /* ProductListViewController.swift in Sources */,
			);
			runOnlyForDeploymentPostprocessing = 0;
		};
/* End PBXSourcesBuildPhase section */

/* Begin PBXVariantGroup section */
		1267697C27EBF58400276B71 /* Main.storyboard */ = {
			isa = PBXVariantGroup;
			children = (
				1267697D27EBF58400276B71 /* Base */,
			);
			name = Main.storyboard;
			sourceTree = "<group>";
		};
		1267698427EBF58600276B71 /* LaunchScreen.storyboard */ = {
			isa = PBXVariantGroup;
			children = (
				1267698527EBF58600276B71 /* Base */,
			);
			name = LaunchScreen.storyboard;
			sourceTree = "<group>";
		};
/* End PBXVariantGroup section */

/* Begin XCBuildConfiguration section */
		1267698827EBF58600276B71 /* Debug */ = {
			isa = XCBuildConfiguration;
			buildSettings = {
				ALWAYS_SEARCH_USER_PATHS = NO;
				CLANG_ANALYZER_NONNULL = YES;
				CLANG_ANALYZER_NUMBER_OBJECT_CONVERSION = YES_AGGRESSIVE;
				CLANG_CXX_LANGUAGE_STANDARD = "gnu++17";
				CLANG_ENABLE_MODULES = YES;
				CLANG_ENABLE_OBJC_ARC = YES;
				CLANG_ENABLE_OBJC_WEAK = YES;
				CLANG_WARN_BLOCK_CAPTURE_AUTORELEASING = YES;
				CLANG_WARN_BOOL_CONVERSION = YES;
				CLANG_WARN_COMMA = YES;
				CLANG_WARN_CONSTANT_CONVERSION = YES;
				CLANG_WARN_DEPRECATED_OBJC_IMPLEMENTATIONS = YES;
				CLANG_WARN_DIRECT_OBJC_ISA_USAGE = YES_ERROR;
				CLANG_WARN_DOCUMENTATION_COMMENTS = YES;
				CLANG_WARN_EMPTY_BODY = YES;
				CLANG_WARN_ENUM_CONVERSION = YES;
				CLANG_WARN_INFINITE_RECURSION = YES;
				CLANG_WARN_INT_CONVERSION = YES;
				CLANG_WARN_NON_LITERAL_NULL_CONVERSION = YES;
				CLANG_WARN_OBJC_IMPLICIT_RETAIN_SELF = YES;
				CLANG_WARN_OBJC_LITERAL_CONVERSION = YES;
				CLANG_WARN_OBJC_ROOT_CLASS = YES_ERROR;
				CLANG_WARN_QUOTED_INCLUDE_IN_FRAMEWORK_HEADER = YES;
				CLANG_WARN_RANGE_LOOP_ANALYSIS = YES;
				CLANG_WARN_STRICT_PROTOTYPES = YES;
				CLANG_WARN_SUSPICIOUS_MOVE = YES;
				CLANG_WARN_UNGUARDED_AVAILABILITY = YES_AGGRESSIVE;
				CLANG_WARN_UNREACHABLE_CODE = YES;
				CLANG_WARN__DUPLICATE_METHOD_MATCH = YES;
				COPY_PHASE_STRIP = NO;
				DEBUG_INFORMATION_FORMAT = dwarf;
				ENABLE_STRICT_OBJC_MSGSEND = YES;
				ENABLE_TESTABILITY = YES;
				GCC_C_LANGUAGE_STANDARD = gnu11;
				GCC_DYNAMIC_NO_PIC = NO;
				GCC_NO_COMMON_BLOCKS = YES;
				GCC_OPTIMIZATION_LEVEL = 0;
				GCC_PREPROCESSOR_DEFINITIONS = (
					"DEBUG=1",
					"$(inherited)",
				);
				GCC_WARN_64_TO_32_BIT_CONVERSION = YES;
				GCC_WARN_ABOUT_RETURN_TYPE = YES_ERROR;
				GCC_WARN_UNDECLARED_SELECTOR = YES;
				GCC_WARN_UNINITIALIZED_AUTOS = YES_AGGRESSIVE;
				GCC_WARN_UNUSED_FUNCTION = YES;
				GCC_WARN_UNUSED_VARIABLE = YES;
				IPHONEOS_DEPLOYMENT_TARGET = 15.4;
				MTL_ENABLE_DEBUG_INFO = INCLUDE_SOURCE;
				MTL_FAST_MATH = YES;
				ONLY_ACTIVE_ARCH = YES;
				SDKROOT = iphoneos;
				SWIFT_ACTIVE_COMPILATION_CONDITIONS = DEBUG;
				SWIFT_OPTIMIZATION_LEVEL = "-Onone";
			};
			name = Debug;
		};
		1267698927EBF58600276B71 /* Release */ = {
			isa = XCBuildConfiguration;
			buildSettings = {
				ALWAYS_SEARCH_USER_PATHS = NO;
				CLANG_ANALYZER_NONNULL = YES;
				CLANG_ANALYZER_NUMBER_OBJECT_CONVERSION = YES_AGGRESSIVE;
				CLANG_CXX_LANGUAGE_STANDARD = "gnu++17";
				CLANG_ENABLE_MODULES = YES;
				CLANG_ENABLE_OBJC_ARC = YES;
				CLANG_ENABLE_OBJC_WEAK = YES;
				CLANG_WARN_BLOCK_CAPTURE_AUTORELEASING = YES;
				CLANG_WARN_BOOL_CONVERSION = YES;
				CLANG_WARN_COMMA = YES;
				CLANG_WARN_CONSTANT_CONVERSION = YES;
				CLANG_WARN_DEPRECATED_OBJC_IMPLEMENTATIONS = YES;
				CLANG_WARN_DIRECT_OBJC_ISA_USAGE = YES_ERROR;
				CLANG_WARN_DOCUMENTATION_COMMENTS = YES;
				CLANG_WARN_EMPTY_BODY = YES;
				CLANG_WARN_ENUM_CONVERSION = YES;
				CLANG_WARN_INFINITE_RECURSION = YES;
				CLANG_WARN_INT_CONVERSION = YES;
				CLANG_WARN_NON_LITERAL_NULL_CONVERSION = YES;
				CLANG_WARN_OBJC_IMPLICIT_RETAIN_SELF = YES;
				CLANG_WARN_OBJC_LITERAL_CONVERSION = YES;
				CLANG_WARN_OBJC_ROOT_CLASS = YES_ERROR;
				CLANG_WARN_QUOTED_INCLUDE_IN_FRAMEWORK_HEADER = YES;
				CLANG_WARN_RANGE_LOOP_ANALYSIS = YES;
				CLANG_WARN_STRICT_PROTOTYPES = YES;
				CLANG_WARN_SUSPICIOUS_MOVE = YES;
				CLANG_WARN_UNGUARDED_AVAILABILITY = YES_AGGRESSIVE;
				CLANG_WARN_UNREACHABLE_CODE = YES;
				CLANG_WARN__DUPLICATE_METHOD_MATCH = YES;
				COPY_PHASE_STRIP = NO;
				DEBUG_INFORMATION_FORMAT = "dwarf-with-dsym";
				ENABLE_NS_ASSERTIONS = NO;
				ENABLE_STRICT_OBJC_MSGSEND = YES;
				GCC_C_LANGUAGE_STANDARD = gnu11;
				GCC_NO_COMMON_BLOCKS = YES;
				GCC_WARN_64_TO_32_BIT_CONVERSION = YES;
				GCC_WARN_ABOUT_RETURN_TYPE = YES_ERROR;
				GCC_WARN_UNDECLARED_SELECTOR = YES;
				GCC_WARN_UNINITIALIZED_AUTOS = YES_AGGRESSIVE;
				GCC_WARN_UNUSED_FUNCTION = YES;
				GCC_WARN_UNUSED_VARIABLE = YES;
				IPHONEOS_DEPLOYMENT_TARGET = 15.4;
				MTL_ENABLE_DEBUG_INFO = NO;
				MTL_FAST_MATH = YES;
				SDKROOT = iphoneos;
				SWIFT_COMPILATION_MODE = wholemodule;
				SWIFT_OPTIMIZATION_LEVEL = "-O";
				VALIDATE_PRODUCT = YES;
			};
			name = Release;
		};
		1267698B27EBF58600276B71 /* Debug */ = {
			isa = XCBuildConfiguration;
			buildSettings = {
				ASSETCATALOG_COMPILER_APPICON_NAME = AppIcon;
				ASSETCATALOG_COMPILER_GLOBAL_ACCENT_COLOR_NAME = AccentColor;
				CODE_SIGN_STYLE = Automatic;
				CURRENT_PROJECT_VERSION = 1;
				GENERATE_INFOPLIST_FILE = YES;
				INFOPLIST_FILE = MeAjudaDeus/Info.plist;
				INFOPLIST_KEY_UIApplicationSupportsIndirectInputEvents = YES;
				INFOPLIST_KEY_UILaunchStoryboardName = LaunchScreen;
				INFOPLIST_KEY_UIMainStoryboardFile = Main;
				INFOPLIST_KEY_UISupportedInterfaceOrientations_iPad = "UIInterfaceOrientationPortrait UIInterfaceOrientationPortraitUpsideDown UIInterfaceOrientationLandscapeLeft UIInterfaceOrientationLandscapeRight";
				INFOPLIST_KEY_UISupportedInterfaceOrientations_iPhone = "UIInterfaceOrientationPortrait UIInterfaceOrientationLandscapeLeft UIInterfaceOrientationLandscapeRight";
				LD_RUNPATH_SEARCH_PATHS = (
					"$(inherited)",
					"@executable_path/Frameworks",
				);
				MARKETING_VERSION = 1.0;
				PRODUCT_BUNDLE_IDENTIFIER = com.omanhattan.MeAjudaDeus;
				PRODUCT_NAME = "$(TARGET_NAME)";
				SWIFT_EMIT_LOC_STRINGS = YES;
				SWIFT_VERSION = 5.0;
				TARGETED_DEVICE_FAMILY = "1,2";
			};
			name = Debug;
		};
		1267698C27EBF58600276B71 /* Release */ = {
			isa = XCBuildConfiguration;
			buildSettings = {
				ASSETCATALOG_COMPILER_APPICON_NAME = AppIcon;
				ASSETCATALOG_COMPILER_GLOBAL_ACCENT_COLOR_NAME = AccentColor;
				CODE_SIGN_STYLE = Automatic;
				CURRENT_PROJECT_VERSION = 1;
				GENERATE_INFOPLIST_FILE = YES;
				INFOPLIST_FILE = MeAjudaDeus/Info.plist;
				INFOPLIST_KEY_UIApplicationSupportsIndirectInputEvents = YES;
				INFOPLIST_KEY_UILaunchStoryboardName = LaunchScreen;
				INFOPLIST_KEY_UIMainStoryboardFile = Main;
				INFOPLIST_KEY_UISupportedInterfaceOrientations_iPad = "UIInterfaceOrientationPortrait UIInterfaceOrientationPortraitUpsideDown UIInterfaceOrientationLandscapeLeft UIInterfaceOrientationLandscapeRight";
				INFOPLIST_KEY_UISupportedInterfaceOrientations_iPhone = "UIInterfaceOrientationPortrait UIInterfaceOrientationLandscapeLeft UIInterfaceOrientationLandscapeRight";
				LD_RUNPATH_SEARCH_PATHS = (
					"$(inherited)",
					"@executable_path/Frameworks",
				);
				MARKETING_VERSION = 1.0;
				PRODUCT_BUNDLE_IDENTIFIER = com.omanhattan.MeAjudaDeus;
				PRODUCT_NAME = "$(TARGET_NAME)";
				SWIFT_EMIT_LOC_STRINGS = YES;
				SWIFT_VERSION = 5.0;
				TARGETED_DEVICE_FAMILY = "1,2";
			};
			name = Release;
		};
/* End XCBuildConfiguration section */

/* Begin XCConfigurationList section */
		1267696E27EBF58400276B71 /* Build configuration list for PBXProject "MeAjudaDeus" */ = {
			isa = XCConfigurationList;
			buildConfigurations = (
				1267698827EBF58600276B71 /* Debug */,
				1267698927EBF58600276B71 /* Release */,
			);
			defaultConfigurationIsVisible = 0;
			defaultConfigurationName = Release;
		};
		1267698A27EBF58600276B71 /* Build configuration list for PBXNativeTarget "MeAjudaDeus" */ = {
			isa = XCConfigurationList;
			buildConfigurations = (
				1267698B27EBF58600276B71 /* Debug */,
				1267698C27EBF58600276B71 /* Release */,
			);
			defaultConfigurationIsVisible = 0;
			defaultConfigurationName = Release;
		};
/* End XCConfigurationList section */

/* Begin XCVersionGroup section */
		1267697F27EBF58400276B71 /* MeAjudaDeus.xcdatamodeld */ = {
			isa = XCVersionGroup;
			children = (
				1267698027EBF58400276B71 /* MeAjudaDeus.xcdatamodel */,
			);
			currentVersion = 1267698027EBF58400276B71 /* MeAjudaDeus.xcdatamodel */;
			path = MeAjudaDeus.xcdatamodeld;
			sourceTree = "<group>";
			versionGroupType = wrapper.xcdatamodel;
		};
/* End XCVersionGroup section */
	};
	rootObject = 1267696B27EBF58400276B71 /* Project object */;
}
